// !$*UTF8*$!
{
	archiveVersion = 1;
	classes = {
	};
	objectVersion = 56;
	objects = {

/* Begin PBXBuildFile section */
		2382C8E9293B8A3B00ABF33D /* RecommandView.swift in Sources */ = {isa = PBXBuildFile; fileRef = 2382C8E8293B8A3B00ABF33D /* RecommandView.swift */; };
		2382C8EB293B8A4700ABF33D /* RandomView.swift in Sources */ = {isa = PBXBuildFile; fileRef = 2382C8EA293B8A4700ABF33D /* RandomView.swift */; };
		2382C8ED293B946500ABF33D /* Extension.swift in Sources */ = {isa = PBXBuildFile; fileRef = 2382C8EC293B946500ABF33D /* Extension.swift */; };
		2382C8EF293CCC9200ABF33D /* PersonalInfoView.swift in Sources */ = {isa = PBXBuildFile; fileRef = 2382C8EE293CCC9200ABF33D /* PersonalInfoView.swift */; };
		2382C8F8293E21F200ABF33D /* PersonalInfoViewModel.swift in Sources */ = {isa = PBXBuildFile; fileRef = 2382C8F7293E21F200ABF33D /* PersonalInfoViewModel.swift */; };
		2382C8FA293F662200ABF33D /* DetailView.swift in Sources */ = {isa = PBXBuildFile; fileRef = 2382C8F9293F662100ABF33D /* DetailView.swift */; };
		2382C8FC293F86CF00ABF33D /* DetailViewModel.swift in Sources */ = {isa = PBXBuildFile; fileRef = 2382C8FB293F86CF00ABF33D /* DetailViewModel.swift */; };
		2382C9052941781F00ABF33D /* Launch Screen.storyboard in Resources */ = {isa = PBXBuildFile; fileRef = 2382C9042941781F00ABF33D /* Launch Screen.storyboard */; };
		23A69FD72934FD1E00AFA1E5 /* mountainApp.swift in Sources */ = {isa = PBXBuildFile; fileRef = 23A69FD62934FD1E00AFA1E5 /* mountainApp.swift */; };
		23A69FD92934FD1E00AFA1E5 /* MainView.swift in Sources */ = {isa = PBXBuildFile; fileRef = 23A69FD82934FD1E00AFA1E5 /* MainView.swift */; };
		23A69FDB2934FD2000AFA1E5 /* Assets.xcassets in Resources */ = {isa = PBXBuildFile; fileRef = 23A69FDA2934FD2000AFA1E5 /* Assets.xcassets */; };
		23A69FDE2934FD2000AFA1E5 /* Preview Assets.xcassets in Resources */ = {isa = PBXBuildFile; fileRef = 23A69FDD2934FD2000AFA1E5 /* Preview Assets.xcassets */; };
		23A69FE62934FDE100AFA1E5 /* Alamofire in Frameworks */ = {isa = PBXBuildFile; productRef = 23A69FE52934FDE100AFA1E5 /* Alamofire */; };
		23A69FE82934FE1100AFA1E5 /* API.swift in Sources */ = {isa = PBXBuildFile; fileRef = 23A69FE72934FE1100AFA1E5 /* API.swift */; };
		23A69FEA2935007700AFA1E5 /* Mountain.swift in Sources */ = {isa = PBXBuildFile; fileRef = 23A69FE92935007700AFA1E5 /* Mountain.swift */; };
		23A69FFA2938E2CB00AFA1E5 /* ProgressHUD in Frameworks */ = {isa = PBXBuildFile; productRef = 23A69FF92938E2CB00AFA1E5 /* ProgressHUD */; };
/* End PBXBuildFile section */

/* Begin PBXFileReference section */
		2382C8E8293B8A3B00ABF33D /* RecommandView.swift */ = {isa = PBXFileReference; lastKnownFileType = sourcecode.swift; path = RecommandView.swift; sourceTree = "<group>"; };
		2382C8EA293B8A4700ABF33D /* RandomView.swift */ = {isa = PBXFileReference; lastKnownFileType = sourcecode.swift; path = RandomView.swift; sourceTree = "<group>"; };
		2382C8EC293B946500ABF33D /* Extension.swift */ = {isa = PBXFileReference; lastKnownFileType = sourcecode.swift; path = Extension.swift; sourceTree = "<group>"; };
		2382C8EE293CCC9200ABF33D /* PersonalInfoView.swift */ = {isa = PBXFileReference; lastKnownFileType = sourcecode.swift; path = PersonalInfoView.swift; sourceTree = "<group>"; };
		2382C8F7293E21F200ABF33D /* PersonalInfoViewModel.swift */ = {isa = PBXFileReference; lastKnownFileType = sourcecode.swift; path = PersonalInfoViewModel.swift; sourceTree = "<group>"; };
		2382C8F9293F662100ABF33D /* DetailView.swift */ = {isa = PBXFileReference; lastKnownFileType = sourcecode.swift; path = DetailView.swift; sourceTree = "<group>"; };
		2382C8FB293F86CF00ABF33D /* DetailViewModel.swift */ = {isa = PBXFileReference; lastKnownFileType = sourcecode.swift; path = DetailViewModel.swift; sourceTree = "<group>"; };
		2382C9042941781F00ABF33D /* Launch Screen.storyboard */ = {isa = PBXFileReference; lastKnownFileType = file.storyboard; path = "Launch Screen.storyboard"; sourceTree = "<group>"; };
		23A69FD32934FD1E00AFA1E5 /* mountain.app */ = {isa = PBXFileReference; explicitFileType = wrapper.application; includeInIndex = 0; path = mountain.app; sourceTree = BUILT_PRODUCTS_DIR; };
		23A69FD62934FD1E00AFA1E5 /* mountainApp.swift */ = {isa = PBXFileReference; lastKnownFileType = sourcecode.swift; path = mountainApp.swift; sourceTree = "<group>"; };
		23A69FD82934FD1E00AFA1E5 /* MainView.swift */ = {isa = PBXFileReference; lastKnownFileType = sourcecode.swift; path = MainView.swift; sourceTree = "<group>"; };
		23A69FDA2934FD2000AFA1E5 /* Assets.xcassets */ = {isa = PBXFileReference; lastKnownFileType = folder.assetcatalog; path = Assets.xcassets; sourceTree = "<group>"; };
		23A69FDD2934FD2000AFA1E5 /* Preview Assets.xcassets */ = {isa = PBXFileReference; lastKnownFileType = folder.assetcatalog; path = "Preview Assets.xcassets"; sourceTree = "<group>"; };
		23A69FE72934FE1100AFA1E5 /* API.swift */ = {isa = PBXFileReference; lastKnownFileType = sourcecode.swift; path = API.swift; sourceTree = "<group>"; };
		23A69FE92935007700AFA1E5 /* Mountain.swift */ = {isa = PBXFileReference; lastKnownFileType = sourcecode.swift; path = Mountain.swift; sourceTree = "<group>"; };
/* End PBXFileReference section */

/* Begin PBXFrameworksBuildPhase section */
		23A69FD02934FD1E00AFA1E5 /* Frameworks */ = {
			isa = PBXFrameworksBuildPhase;
			buildActionMask = 2147483647;
			files = (
				23A69FE62934FDE100AFA1E5 /* Alamofire in Frameworks */,
				23A69FFA2938E2CB00AFA1E5 /* ProgressHUD in Frameworks */,
			);
			runOnlyForDeploymentPostprocessing = 0;
		};
/* End PBXFrameworksBuildPhase section */

/* Begin PBXGroup section */
		2382C8F0293CCC9700ABF33D /* 找步道 */ = {
			isa = PBXGroup;
			children = (
				2382C8EE293CCC9200ABF33D /* PersonalInfoView.swift */,
				2382C8F7293E21F200ABF33D /* PersonalInfoViewModel.swift */,
				2382C8E8293B8A3B00ABF33D /* RecommandView.swift */,
				2382C8F9293F662100ABF33D /* DetailView.swift */,
				2382C8FB293F86CF00ABF33D /* DetailViewModel.swift */,
			);
			path = "找步道";
			sourceTree = "<group>";
		};
		2382C8F1293CCCAF00ABF33D /* 搖一搖 */ = {
			isa = PBXGroup;
			children = (
				2382C8EA293B8A4700ABF33D /* RandomView.swift */,
			);
			path = "搖一搖";
			sourceTree = "<group>";
		};
		2382C8F2293CCCCB00ABF33D /* 首頁 */ = {
			isa = PBXGroup;
			children = (
				23A69FD82934FD1E00AFA1E5 /* MainView.swift */,
			);
			path = "首頁";
			sourceTree = "<group>";
		};
		2382C8F3293CCCD500ABF33D /* API */ = {
			isa = PBXGroup;
			children = (
				23A69FF72938DE4000AFA1E5 /* Model */,
				23A69FE72934FE1100AFA1E5 /* API.swift */,
			);
			path = API;
			sourceTree = "<group>";
		};
		2382C8F4293CCCDC00ABF33D /* Other */ = {
			isa = PBXGroup;
			children = (
				2382C8EC293B946500ABF33D /* Extension.swift */,
			);
			path = Other;
			sourceTree = "<group>";
		};
		23A69FCA2934FD1E00AFA1E5 = {
			isa = PBXGroup;
			children = (
				23A69FD52934FD1E00AFA1E5 /* mountain */,
				23A69FD42934FD1E00AFA1E5 /* Products */,
			);
			sourceTree = "<group>";
		};
		23A69FD42934FD1E00AFA1E5 /* Products */ = {
			isa = PBXGroup;
			children = (
				23A69FD32934FD1E00AFA1E5 /* mountain.app */,
			);
			name = Products;
			sourceTree = "<group>";
		};
		23A69FD52934FD1E00AFA1E5 /* mountain */ = {
			isa = PBXGroup;
			children = (
				23A69FD62934FD1E00AFA1E5 /* mountainApp.swift */,
				2382C8F2293CCCCB00ABF33D /* 首頁 */,
				2382C8F1293CCCAF00ABF33D /* 搖一搖 */,
				2382C8F0293CCC9700ABF33D /* 找步道 */,
				2382C8F3293CCCD500ABF33D /* API */,
				2382C8F4293CCCDC00ABF33D /* Other */,
				23A69FDA2934FD2000AFA1E5 /* Assets.xcassets */,
				23A69FDC2934FD2000AFA1E5 /* Preview Content */,
				2382C9042941781F00ABF33D /* Launch Screen.storyboard */,
			);
			path = mountain;
			sourceTree = "<group>";
		};
		23A69FDC2934FD2000AFA1E5 /* Preview Content */ = {
			isa = PBXGroup;
			children = (
				23A69FDD2934FD2000AFA1E5 /* Preview Assets.xcassets */,
			);
			path = "Preview Content";
			sourceTree = "<group>";
		};
		23A69FF72938DE4000AFA1E5 /* Model */ = {
			isa = PBXGroup;
			children = (
				23A69FE92935007700AFA1E5 /* Mountain.swift */,
			);
			path = Model;
			sourceTree = "<group>";
		};
/* End PBXGroup section */

/* Begin PBXNativeTarget section */
		23A69FD22934FD1E00AFA1E5 /* mountain */ = {
			isa = PBXNativeTarget;
			buildConfigurationList = 23A69FE12934FD2000AFA1E5 /* Build configuration list for PBXNativeTarget "mountain" */;
			buildPhases = (
				23A69FCF2934FD1E00AFA1E5 /* Sources */,
				23A69FD02934FD1E00AFA1E5 /* Frameworks */,
				23A69FD12934FD1E00AFA1E5 /* Resources */,
			);
			buildRules = (
			);
			dependencies = (
			);
			name = mountain;
			packageProductDependencies = (
				23A69FE52934FDE100AFA1E5 /* Alamofire */,
				23A69FF92938E2CB00AFA1E5 /* ProgressHUD */,
			);
			productName = mountain;
			productReference = 23A69FD32934FD1E00AFA1E5 /* mountain.app */;
			productType = "com.apple.product-type.application";
		};
/* End PBXNativeTarget section */

/* Begin PBXProject section */
		23A69FCB2934FD1E00AFA1E5 /* Project object */ = {
			isa = PBXProject;
			attributes = {
				BuildIndependentTargetsInParallel = 1;
				LastSwiftUpdateCheck = 1400;
				LastUpgradeCheck = 1400;
				TargetAttributes = {
					23A69FD22934FD1E00AFA1E5 = {
						CreatedOnToolsVersion = 14.0.1;
					};
				};
			};
			buildConfigurationList = 23A69FCE2934FD1E00AFA1E5 /* Build configuration list for PBXProject "mountain" */;
			compatibilityVersion = "Xcode 14.0";
			developmentRegion = en;
			hasScannedForEncodings = 0;
			knownRegions = (
				en,
				Base,
			);
			mainGroup = 23A69FCA2934FD1E00AFA1E5;
			packageReferences = (
				23A69FE42934FDE100AFA1E5 /* XCRemoteSwiftPackageReference "Alamofire" */,
				23A69FF82938E2CB00AFA1E5 /* XCRemoteSwiftPackageReference "ProgressHUD" */,
			);
			productRefGroup = 23A69FD42934FD1E00AFA1E5 /* Products */;
			projectDirPath = "";
			projectRoot = "";
			targets = (
				23A69FD22934FD1E00AFA1E5 /* mountain */,
			);
		};
/* End PBXProject section */

/* Begin PBXResourcesBuildPhase section */
		23A69FD12934FD1E00AFA1E5 /* Resources */ = {
			isa = PBXResourcesBuildPhase;
			buildActionMask = 2147483647;
			files = (
				23A69FDE2934FD2000AFA1E5 /* Preview Assets.xcassets in Resources */,
				2382C9052941781F00ABF33D /* Launch Screen.storyboard in Resources */,
				23A69FDB2934FD2000AFA1E5 /* Assets.xcassets in Resources */,
			);
			runOnlyForDeploymentPostprocessing = 0;
		};
/* End PBXResourcesBuildPhase section */

/* Begin PBXSourcesBuildPhase section */
		23A69FCF2934FD1E00AFA1E5 /* Sources */ = {
			isa = PBXSourcesBuildPhase;
			buildActionMask = 2147483647;
			files = (
				23A69FEA2935007700AFA1E5 /* Mountain.swift in Sources */,
				23A69FD92934FD1E00AFA1E5 /* MainView.swift in Sources */,
				2382C8ED293B946500ABF33D /* Extension.swift in Sources */,
				2382C8FA293F662200ABF33D /* DetailView.swift in Sources */,
				2382C8E9293B8A3B00ABF33D /* RecommandView.swift in Sources */,
				2382C8EF293CCC9200ABF33D /* PersonalInfoView.swift in Sources */,
				2382C8F8293E21F200ABF33D /* PersonalInfoViewModel.swift in Sources */,
				2382C8EB293B8A4700ABF33D /* RandomView.swift in Sources */,
				23A69FE82934FE1100AFA1E5 /* API.swift in Sources */,
				2382C8FC293F86CF00ABF33D /* DetailViewModel.swift in Sources */,
				23A69FD72934FD1E00AFA1E5 /* mountainApp.swift in Sources */,
			);
			runOnlyForDeploymentPostprocessing = 0;
		};
/* End PBXSourcesBuildPhase section */

/* Begin XCBuildConfiguration section */
		23A69FDF2934FD2000AFA1E5 /* Debug */ = {
			isa = XCBuildConfiguration;
			buildSettings = {
				ALWAYS_SEARCH_USER_PATHS = NO;
				CLANG_ANALYZER_NONNULL = YES;
				CLANG_ANALYZER_NUMBER_OBJECT_CONVERSION = YES_AGGRESSIVE;
				CLANG_CXX_LANGUAGE_STANDARD = "gnu++20";
				CLANG_ENABLE_MODULES = YES;
				CLANG_ENABLE_OBJC_ARC = YES;
				CLANG_ENABLE_OBJC_WEAK = YES;
				CLANG_WARN_BLOCK_CAPTURE_AUTORELEASING = YES;
				CLANG_WARN_BOOL_CONVERSION = YES;
				CLANG_WARN_COMMA = YES;
				CLANG_WARN_CONSTANT_CONVERSION = YES;
				CLANG_WARN_DEPRECATED_OBJC_IMPLEMENTATIONS = YES;
				CLANG_WARN_DIRECT_OBJC_ISA_USAGE = YES_ERROR;
				CLANG_WARN_DOCUMENTATION_COMMENTS = YES;
				CLANG_WARN_EMPTY_BODY = YES;
				CLANG_WARN_ENUM_CONVERSION = YES;
				CLANG_WARN_INFINITE_RECURSION = YES;
				CLANG_WARN_INT_CONVERSION = YES;
				CLANG_WARN_NON_LITERAL_NULL_CONVERSION = YES;
				CLANG_WARN_OBJC_IMPLICIT_RETAIN_SELF = YES;
				CLANG_WARN_OBJC_LITERAL_CONVERSION = YES;
				CLANG_WARN_OBJC_ROOT_CLASS = YES_ERROR;
				CLANG_WARN_QUOTED_INCLUDE_IN_FRAMEWORK_HEADER = YES;
				CLANG_WARN_RANGE_LOOP_ANALYSIS = YES;
				CLANG_WARN_STRICT_PROTOTYPES = YES;
				CLANG_WARN_SUSPICIOUS_MOVE = YES;
				CLANG_WARN_UNGUARDED_AVAILABILITY = YES_AGGRESSIVE;
				CLANG_WARN_UNREACHABLE_CODE = YES;
				CLANG_WARN__DUPLICATE_METHOD_MATCH = YES;
				COPY_PHASE_STRIP = NO;
				DEBUG_INFORMATION_FORMAT = dwarf;
				ENABLE_STRICT_OBJC_MSGSEND = YES;
				ENABLE_TESTABILITY = YES;
				GCC_C_LANGUAGE_STANDARD = gnu11;
				GCC_DYNAMIC_NO_PIC = NO;
				GCC_NO_COMMON_BLOCKS = YES;
				GCC_OPTIMIZATION_LEVEL = 0;
				GCC_PREPROCESSOR_DEFINITIONS = (
					"DEBUG=1",
					"$(inherited)",
				);
				GCC_WARN_64_TO_32_BIT_CONVERSION = YES;
				GCC_WARN_ABOUT_RETURN_TYPE = YES_ERROR;
				GCC_WARN_UNDECLARED_SELECTOR = YES;
				GCC_WARN_UNINITIALIZED_AUTOS = YES_AGGRESSIVE;
				GCC_WARN_UNUSED_FUNCTION = YES;
				GCC_WARN_UNUSED_VARIABLE = YES;
				IPHONEOS_DEPLOYMENT_TARGET = 16.0;
				MTL_ENABLE_DEBUG_INFO = INCLUDE_SOURCE;
				MTL_FAST_MATH = YES;
				ONLY_ACTIVE_ARCH = YES;
				SDKROOT = iphoneos;
				SWIFT_ACTIVE_COMPILATION_CONDITIONS = DEBUG;
				SWIFT_OPTIMIZATION_LEVEL = "-Onone";
			};
			name = Debug;
		};
		23A69FE02934FD2000AFA1E5 /* Release */ = {
			isa = XCBuildConfiguration;
			buildSettings = {
				ALWAYS_SEARCH_USER_PATHS = NO;
				CLANG_ANALYZER_NONNULL = YES;
				CLANG_ANALYZER_NUMBER_OBJECT_CONVERSION = YES_AGGRESSIVE;
				CLANG_CXX_LANGUAGE_STANDARD = "gnu++20";
				CLANG_ENABLE_MODULES = YES;
				CLANG_ENABLE_OBJC_ARC = YES;
				CLANG_ENABLE_OBJC_WEAK = YES;
				CLANG_WARN_BLOCK_CAPTURE_AUTORELEASING = YES;
				CLANG_WARN_BOOL_CONVERSION = YES;
				CLANG_WARN_COMMA = YES;
				CLANG_WARN_CONSTANT_CONVERSION = YES;
				CLANG_WARN_DEPRECATED_OBJC_IMPLEMENTATIONS = YES;
				CLANG_WARN_DIRECT_OBJC_ISA_USAGE = YES_ERROR;
				CLANG_WARN_DOCUMENTATION_COMMENTS = YES;
				CLANG_WARN_EMPTY_BODY = YES;
				CLANG_WARN_ENUM_CONVERSION = YES;
				CLANG_WARN_INFINITE_RECURSION = YES;
				CLANG_WARN_INT_CONVERSION = YES;
				CLANG_WARN_NON_LITERAL_NULL_CONVERSION = YES;
				CLANG_WARN_OBJC_IMPLICIT_RETAIN_SELF = YES;
				CLANG_WARN_OBJC_LITERAL_CONVERSION = YES;
				CLANG_WARN_OBJC_ROOT_CLASS = YES_ERROR;
				CLANG_WARN_QUOTED_INCLUDE_IN_FRAMEWORK_HEADER = YES;
				CLANG_WARN_RANGE_LOOP_ANALYSIS = YES;
				CLANG_WARN_STRICT_PROTOTYPES = YES;
				CLANG_WARN_SUSPICIOUS_MOVE = YES;
				CLANG_WARN_UNGUARDED_AVAILABILITY = YES_AGGRESSIVE;
				CLANG_WARN_UNREACHABLE_CODE = YES;
				CLANG_WARN__DUPLICATE_METHOD_MATCH = YES;
				COPY_PHASE_STRIP = NO;
				DEBUG_INFORMATION_FORMAT = "dwarf-with-dsym";
				ENABLE_NS_ASSERTIONS = NO;
				ENABLE_STRICT_OBJC_MSGSEND = YES;
				GCC_C_LANGUAGE_STANDARD = gnu11;
				GCC_NO_COMMON_BLOCKS = YES;
				GCC_WARN_64_TO_32_BIT_CONVERSION = YES;
				GCC_WARN_ABOUT_RETURN_TYPE = YES_ERROR;
				GCC_WARN_UNDECLARED_SELECTOR = YES;
				GCC_WARN_UNINITIALIZED_AUTOS = YES_AGGRESSIVE;
				GCC_WARN_UNUSED_FUNCTION = YES;
				GCC_WARN_UNUSED_VARIABLE = YES;
				IPHONEOS_DEPLOYMENT_TARGET = 16.0;
				MTL_ENABLE_DEBUG_INFO = NO;
				MTL_FAST_MATH = YES;
				SDKROOT = iphoneos;
				SWIFT_COMPILATION_MODE = wholemodule;
				SWIFT_OPTIMIZATION_LEVEL = "-O";
				VALIDATE_PRODUCT = YES;
			};
			name = Release;
		};
		23A69FE22934FD2000AFA1E5 /* Debug */ = {
			isa = XCBuildConfiguration;
			buildSettings = {
				ASSETCATALOG_COMPILER_APPICON_NAME = AppIcon;
				ASSETCATALOG_COMPILER_GLOBAL_ACCENT_COLOR_NAME = AccentColor;
				CODE_SIGN_STYLE = Automatic;
				CURRENT_PROJECT_VERSION = 1;
				DEVELOPMENT_ASSET_PATHS = "\"mountain/Preview Content\"";
				DEVELOPMENT_TEAM = S9PBHPN687;
				ENABLE_PREVIEWS = YES;
				GENERATE_INFOPLIST_FILE = YES;
				INFOPLIST_FILE = "";
				INFOPLIST_KEY_CFBundleDisplayName = "你能走什麼？";
				INFOPLIST_KEY_UIApplicationSceneManifest_Generation = YES;
				INFOPLIST_KEY_UIApplicationSupportsIndirectInputEvents = YES;
				INFOPLIST_KEY_UILaunchScreen_Generation = YES;
				INFOPLIST_KEY_UILaunchStoryboardName = "Launch Screen.storyboard";
				INFOPLIST_KEY_UISupportedInterfaceOrientations_iPad = "UIInterfaceOrientationPortrait UIInterfaceOrientationPortraitUpsideDown UIInterfaceOrientationLandscapeLeft UIInterfaceOrientationLandscapeRight";
				INFOPLIST_KEY_UISupportedInterfaceOrientations_iPhone = "UIInterfaceOrientationPortrait UIInterfaceOrientationLandscapeLeft UIInterfaceOrientationLandscapeRight";
				LD_RUNPATH_SEARCH_PATHS = (
					"$(inherited)",
					"@executable_path/Frameworks",
				);
				MARKETING_VERSION = 1.0;
				PRODUCT_BUNDLE_IDENTIFIER = com.chtsecurity.mountain;
				PRODUCT_NAME = "$(TARGET_NAME)";
				SWIFT_EMIT_LOC_STRINGS = YES;
				SWIFT_VERSION = 5.0;
				TARGETED_DEVICE_FAMILY = "1,2";
			};
			name = Debug;
		};
		23A69FE32934FD2000AFA1E5 /* Release */ = {
			isa = XCBuildConfiguration;
			buildSettings = {
				ASSETCATALOG_COMPILER_APPICON_NAME = AppIcon;
				ASSETCATALOG_COMPILER_GLOBAL_ACCENT_COLOR_NAME = AccentColor;
				CODE_SIGN_STYLE = Automatic;
				CURRENT_PROJECT_VERSION = 1;
				DEVELOPMENT_ASSET_PATHS = "\"mountain/Preview Content\"";
				DEVELOPMENT_TEAM = S9PBHPN687;
				ENABLE_PREVIEWS = YES;
				GENERATE_INFOPLIST_FILE = YES;
				INFOPLIST_FILE = "";
				INFOPLIST_KEY_CFBundleDisplayName = "你能走什麼？";
				INFOPLIST_KEY_UIApplicationSceneManifest_Generation = YES;
				INFOPLIST_KEY_UIApplicationSupportsIndirectInputEvents = YES;
				INFOPLIST_KEY_UILaunchScreen_Generation = YES;
				INFOPLIST_KEY_UILaunchStoryboardName = "Launch Screen.storyboard";
				INFOPLIST_KEY_UISupportedInterfaceOrientations_iPad = "UIInterfaceOrientationPortrait UIInterfaceOrientationPortraitUpsideDown UIInterfaceOrientationLandscapeLeft UIInterfaceOrientationLandscapeRight";
				INFOPLIST_KEY_UISupportedInterfaceOrientations_iPhone = "UIInterfaceOrientationPortrait UIInterfaceOrientationLandscapeLeft UIInterfaceOrientationLandscapeRight";
				LD_RUNPATH_SEARCH_PATHS = (
					"$(inherited)",
					"@executable_path/Frameworks",
				);
				MARKETING_VERSION = 1.0;
				PRODUCT_BUNDLE_IDENTIFIER = com.chtsecurity.mountain;
				PRODUCT_NAME = "$(TARGET_NAME)";
				SWIFT_EMIT_LOC_STRINGS = YES;
				SWIFT_VERSION = 5.0;
				TARGETED_DEVICE_FAMILY = "1,2";
			};
			name = Release;
		};
/* End XCBuildConfiguration section */

/* Begin XCConfigurationList section */
		23A69FCE2934FD1E00AFA1E5 /* Build configuration list for PBXProject "mountain" */ = {
			isa = XCConfigurationList;
			buildConfigurations = (
				23A69FDF2934FD2000AFA1E5 /* Debug */,
				23A69FE02934FD2000AFA1E5 /* Release */,
			);
			defaultConfigurationIsVisible = 0;
			defaultConfigurationName = Release;
		};
		23A69FE12934FD2000AFA1E5 /* Build configuration list for PBXNativeTarget "mountain" */ = {
			isa = XCConfigurationList;
			buildConfigurations = (
				23A69FE22934FD2000AFA1E5 /* Debug */,
				23A69FE32934FD2000AFA1E5 /* Release */,
			);
			defaultConfigurationIsVisible = 0;
			defaultConfigurationName = Release;
		};
/* End XCConfigurationList section */

/* Begin XCRemoteSwiftPackageReference section */
		23A69FE42934FDE100AFA1E5 /* XCRemoteSwiftPackageReference "Alamofire" */ = {
			isa = XCRemoteSwiftPackageReference;
			repositoryURL = "https://github.com/Alamofire/Alamofire.git";
			requirement = {
				kind = upToNextMajorVersion;
				minimumVersion = 5.0.0;
			};
		};
		23A69FF82938E2CB00AFA1E5 /* XCRemoteSwiftPackageReference "ProgressHUD" */ = {
			isa = XCRemoteSwiftPackageReference;
			repositoryURL = "https://github.com/relatedcode/ProgressHUD.git";
			requirement = {
				kind = upToNextMajorVersion;
				minimumVersion = 13.0.0;
			};
		};
/* End XCRemoteSwiftPackageReference section */

/* Begin XCSwiftPackageProductDependency section */
		23A69FE52934FDE100AFA1E5 /* Alamofire */ = {
			isa = XCSwiftPackageProductDependency;
			package = 23A69FE42934FDE100AFA1E5 /* XCRemoteSwiftPackageReference "Alamofire" */;
			productName = Alamofire;
		};
		23A69FF92938E2CB00AFA1E5 /* ProgressHUD */ = {
			isa = XCSwiftPackageProductDependency;
			package = 23A69FF82938E2CB00AFA1E5 /* XCRemoteSwiftPackageReference "ProgressHUD" */;
			productName = ProgressHUD;
		};
/* End XCSwiftPackageProductDependency section */
	};
	rootObject = 23A69FCB2934FD1E00AFA1E5 /* Project object */;
}
